// !$*UTF8*$!
{
	archiveVersion = 1;
	classes = {
	};
	objectVersion = 48;
	objects = {

/* Begin PBXBuildFile section */
		8BCBD00FEAE6E78859A87533 /* libPods-UserLogTest.a in Frameworks */ = {isa = PBXBuildFile; fileRef = 5FD32C16E97A2462990B8075 /* libPods-UserLogTest.a */; };
		8FFF40751FBBE19F00252364 /* AppDelegate.m in Sources */ = {isa = PBXBuildFile; fileRef = 8FFF40741FBBE19F00252364 /* AppDelegate.m */; };
		8FFF40781FBBE19F00252364 /* ViewController.m in Sources */ = {isa = PBXBuildFile; fileRef = 8FFF40771FBBE19F00252364 /* ViewController.m */; };
		8FFF407A1FBBE19F00252364 /* Assets.xcassets in Resources */ = {isa = PBXBuildFile; fileRef = 8FFF40791FBBE19F00252364 /* Assets.xcassets */; };
		8FFF407D1FBBE19F00252364 /* Main.storyboard in Resources */ = {isa = PBXBuildFile; fileRef = 8FFF407B1FBBE19F00252364 /* Main.storyboard */; };
		8FFF40801FBBE19F00252364 /* main.m in Sources */ = {isa = PBXBuildFile; fileRef = 8FFF407F1FBBE19F00252364 /* main.m */; };
		8FFF40881FBE8B3400252364 /* libz.tbd in Frameworks */ = {isa = PBXBuildFile; fileRef = 8FFF40871FBE8B3400252364 /* libz.tbd */; };
/* End PBXBuildFile section */

/* Begin PBXFileReference section */
		0E979C9DCF47F259F95B3AAC /* Pods-UserLogTest.release.xcconfig */ = {isa = PBXFileReference; includeInIndex = 1; lastKnownFileType = text.xcconfig; name = "Pods-UserLogTest.release.xcconfig"; path = "Pods/Target Support Files/Pods-UserLogTest/Pods-UserLogTest.release.xcconfig"; sourceTree = "<group>"; };
		507E8C673D85B7F5CB20ACAC /* Pods-UserLogTest.debug.xcconfig */ = {isa = PBXFileReference; includeInIndex = 1; lastKnownFileType = text.xcconfig; name = "Pods-UserLogTest.debug.xcconfig"; path = "Pods/Target Support Files/Pods-UserLogTest/Pods-UserLogTest.debug.xcconfig"; sourceTree = "<group>"; };
		5FD32C16E97A2462990B8075 /* libPods-UserLogTest.a */ = {isa = PBXFileReference; explicitFileType = archive.ar; includeInIndex = 0; path = "libPods-UserLogTest.a"; sourceTree = BUILT_PRODUCTS_DIR; };
		8FFF40701FBBE19F00252364 /* UserLogTest.app */ = {isa = PBXFileReference; explicitFileType = wrapper.application; includeInIndex = 0; path = UserLogTest.app; sourceTree = BUILT_PRODUCTS_DIR; };
		8FFF40731FBBE19F00252364 /* AppDelegate.h */ = {isa = PBXFileReference; lastKnownFileType = sourcecode.c.h; path = AppDelegate.h; sourceTree = "<group>"; };
		8FFF40741FBBE19F00252364 /* AppDelegate.m */ = {isa = PBXFileReference; lastKnownFileType = sourcecode.c.objc; path = AppDelegate.m; sourceTree = "<group>"; };
		8FFF40761FBBE19F00252364 /* ViewController.h */ = {isa = PBXFileReference; lastKnownFileType = sourcecode.c.h; path = ViewController.h; sourceTree = "<group>"; };
		8FFF40771FBBE19F00252364 /* ViewController.m */ = {isa = PBXFileReference; lastKnownFileType = sourcecode.c.objc; path = ViewController.m; sourceTree = "<group>"; };
		8FFF40791FBBE19F00252364 /* Assets.xcassets */ = {isa = PBXFileReference; lastKnownFileType = folder.assetcatalog; path = Assets.xcassets; sourceTree = "<group>"; };
		8FFF407C1FBBE19F00252364 /* Base */ = {isa = PBXFileReference; lastKnownFileType = file.storyboard; name = Base; path = Base.lproj/Main.storyboard; sourceTree = "<group>"; };
		8FFF407E1FBBE19F00252364 /* Info.plist */ = {isa = PBXFileReference; lastKnownFileType = text.plist.xml; path = Info.plist; sourceTree = "<group>"; };
		8FFF407F1FBBE19F00252364 /* main.m */ = {isa = PBXFileReference; lastKnownFileType = sourcecode.c.objc; path = main.m; sourceTree = "<group>"; };
		8FFF40811FBBE19F00252364 /* UserLogTest.entitlements */ = {isa = PBXFileReference; lastKnownFileType = text.plist.entitlements; path = UserLogTest.entitlements; sourceTree = "<group>"; };
		8FFF40871FBE8B3400252364 /* libz.tbd */ = {isa = PBXFileReference; lastKnownFileType = "sourcecode.text-based-dylib-definition"; name = libz.tbd; path = usr/lib/libz.tbd; sourceTree = SDKROOT; };
/* End PBXFileReference section */

/* Begin PBXFrameworksBuildPhase section */
		8FFF406D1FBBE19F00252364 /* Frameworks */ = {
			isa = PBXFrameworksBuildPhase;
			buildActionMask = 2147483647;
			files = (
				8FFF40881FBE8B3400252364 /* libz.tbd in Frameworks */,
				8BCBD00FEAE6E78859A87533 /* libPods-UserLogTest.a in Frameworks */,
			);
			runOnlyForDeploymentPostprocessing = 0;
		};
/* End PBXFrameworksBuildPhase section */

/* Begin PBXGroup section */
		125A917AA0A30A04B775E78F /* Pods */ = {
			isa = PBXGroup;
			children = (
				507E8C673D85B7F5CB20ACAC /* Pods-UserLogTest.debug.xcconfig */,
				0E979C9DCF47F259F95B3AAC /* Pods-UserLogTest.release.xcconfig */,
			);
			name = Pods;
			sourceTree = "<group>";
		};
		2AEE8ED33D34B022C154B83A /* Frameworks */ = {
			isa = PBXGroup;
			children = (
				8FFF40871FBE8B3400252364 /* libz.tbd */,
				5FD32C16E97A2462990B8075 /* libPods-UserLogTest.a */,
			);
			name = Frameworks;
			sourceTree = "<group>";
		};
		8FFF40671FBBE19F00252364 = {
			isa = PBXGroup;
			children = (
				8FFF40721FBBE19F00252364 /* UserLogTest */,
				8FFF40711FBBE19F00252364 /* Products */,
				125A917AA0A30A04B775E78F /* Pods */,
				2AEE8ED33D34B022C154B83A /* Frameworks */,
			);
			sourceTree = "<group>";
		};
		8FFF40711FBBE19F00252364 /* Products */ = {
			isa = PBXGroup;
			children = (
				8FFF40701FBBE19F00252364 /* UserLogTest.app */,
			);
			name = Products;
			sourceTree = "<group>";
		};
		8FFF40721FBBE19F00252364 /* UserLogTest */ = {
			isa = PBXGroup;
			children = (
				8FFF40731FBBE19F00252364 /* AppDelegate.h */,
				8FFF40741FBBE19F00252364 /* AppDelegate.m */,
				8FFF40761FBBE19F00252364 /* ViewController.h */,
				8FFF40771FBBE19F00252364 /* ViewController.m */,
				8FFF40791FBBE19F00252364 /* Assets.xcassets */,
				8FFF407B1FBBE19F00252364 /* Main.storyboard */,
				8FFF407E1FBBE19F00252364 /* Info.plist */,
				8FFF407F1FBBE19F00252364 /* main.m */,
				8FFF40811FBBE19F00252364 /* UserLogTest.entitlements */,
			);
			path = UserLogTest;
			sourceTree = "<group>";
		};
/* End PBXGroup section */

/* Begin PBXNativeTarget section */
		8FFF406F1FBBE19F00252364 /* UserLogTest */ = {
			isa = PBXNativeTarget;
			buildConfigurationList = 8FFF40841FBBE19F00252364 /* Build configuration list for PBXNativeTarget "UserLogTest" */;
			buildPhases = (
				BC4AB7AEB2D66A596D481EA1 /* [CP] Check Pods Manifest.lock */,
				8FFF406C1FBBE19F00252364 /* Sources */,
				8FFF406D1FBBE19F00252364 /* Frameworks */,
				8FFF406E1FBBE19F00252364 /* Resources */,
				E54B5C7C4703BF27CA9BA8EF /* [CP] Embed Pods Frameworks */,
				2E12CC6C2F0CCC09BB16B065 /* [CP] Copy Pods Resources */,
			);
			buildRules = (
			);
			dependencies = (
			);
			name = UserLogTest;
			productName = UserLogTest;
			productReference = 8FFF40701FBBE19F00252364 /* UserLogTest.app */;
			productType = "com.apple.product-type.application";
		};
/* End PBXNativeTarget section */

/* Begin PBXProject section */
		8FFF40681FBBE19F00252364 /* Project object */ = {
			isa = PBXProject;
			attributes = {
				LastUpgradeCheck = 0900;
				ORGANIZATIONNAME = "Avazu Holding";
				TargetAttributes = {
					8FFF406F1FBBE19F00252364 = {
						CreatedOnToolsVersion = 9.0;
						ProvisioningStyle = Automatic;
						SystemCapabilities = {
							com.apple.Sandbox = {
								enabled = 0;
							};
						};
					};
				};
			};
			buildConfigurationList = 8FFF406B1FBBE19F00252364 /* Build configuration list for PBXProject "UserLogTest" */;
			compatibilityVersion = "Xcode 8.0";
			developmentRegion = en;
			hasScannedForEncodings = 0;
			knownRegions = (
				en,
				Base,
			);
			mainGroup = 8FFF40671FBBE19F00252364;
			productRefGroup = 8FFF40711FBBE19F00252364 /* Products */;
			projectDirPath = "";
			projectRoot = "";
			targets = (
				8FFF406F1FBBE19F00252364 /* UserLogTest */,
			);
		};
/* End PBXProject section */

/* Begin PBXResourcesBuildPhase section */
		8FFF406E1FBBE19F00252364 /* Resources */ = {
			isa = PBXResourcesBuildPhase;
			buildActionMask = 2147483647;
			files = (
				8FFF407A1FBBE19F00252364 /* Assets.xcassets in Resources */,
				8FFF407D1FBBE19F00252364 /* Main.storyboard in Resources */,
			);
			runOnlyForDeploymentPostprocessing = 0;
		};
/* End PBXResourcesBuildPhase section */

/* Begin PBXShellScriptBuildPhase section */
		2E12CC6C2F0CCC09BB16B065 /* [CP] Copy Pods Resources */ = {
			isa = PBXShellScriptBuildPhase;
			buildActionMask = 2147483647;
			files = (
			);
			inputPaths = (
			);
			name = "[CP] Copy Pods Resources";
			outputPaths = (
			);
			runOnlyForDeploymentPostprocessing = 0;
			shellPath = /bin/sh;
			shellScript = "\"${SRCROOT}/Pods/Target Support Files/Pods-UserLogTest/Pods-UserLogTest-resources.sh\"\n";
			showEnvVarsInLog = 0;
		};
		BC4AB7AEB2D66A596D481EA1 /* [CP] Check Pods Manifest.lock */ = {
			isa = PBXShellScriptBuildPhase;
			buildActionMask = 2147483647;
			files = (
			);
			inputPaths = (
			);
			name = "[CP] Check Pods Manifest.lock";
			outputPaths = (
			);
			runOnlyForDeploymentPostprocessing = 0;
			shellPath = /bin/sh;
			shellScript = "diff \"${PODS_PODFILE_DIR_PATH}/Podfile.lock\" \"${PODS_ROOT}/Manifest.lock\" > /dev/null\nif [ $? != 0 ] ; then\n    # print error to STDERR\n    echo \"error: The sandbox is not in sync with the Podfile.lock. Run 'pod install' or update your CocoaPods installation.\" >&2\n    exit 1\nfi\n";
			showEnvVarsInLog = 0;
		};
		E54B5C7C4703BF27CA9BA8EF /* [CP] Embed Pods Frameworks */ = {
			isa = PBXShellScriptBuildPhase;
			buildActionMask = 2147483647;
			files = (
			);
			inputPaths = (
			);
			name = "[CP] Embed Pods Frameworks";
			outputPaths = (
			);
			runOnlyForDeploymentPostprocessing = 0;
			shellPath = /bin/sh;
			shellScript = "\"${SRCROOT}/Pods/Target Support Files/Pods-UserLogTest/Pods-UserLogTest-frameworks.sh\"\n";
			showEnvVarsInLog = 0;
		};
/* End PBXShellScriptBuildPhase section */

/* Begin PBXSourcesBuildPhase section */
		8FFF406C1FBBE19F00252364 /* Sources */ = {
			isa = PBXSourcesBuildPhase;
			buildActionMask = 2147483647;
			files = (
				8FFF40781FBBE19F00252364 /* ViewController.m in Sources */,
				8FFF40801FBBE19F00252364 /* main.m in Sources */,
				8FFF40751FBBE19F00252364 /* AppDelegate.m in Sources */,
			);
			runOnlyForDeploymentPostprocessing = 0;
		};
/* End PBXSourcesBuildPhase section */

/* Begin PBXVariantGroup section */
		8FFF407B1FBBE19F00252364 /* Main.storyboard */ = {
			isa = PBXVariantGroup;
			children = (
				8FFF407C1FBBE19F00252364 /* Base */,
			);
			name = Main.storyboard;
			sourceTree = "<group>";
		};
/* End PBXVariantGroup section */

/* Begin XCBuildConfiguration section */
		8FFF40821FBBE19F00252364 /* Debug */ = {
			isa = XCBuildConfiguration;
			buildSettings = {
				ALWAYS_SEARCH_USER_PATHS = NO;
				CLANG_ANALYZER_NONNULL = YES;
				CLANG_ANALYZER_NUMBER_OBJECT_CONVERSION = YES_AGGRESSIVE;
				CLANG_CXX_LANGUAGE_STANDARD = "gnu++14";
				CLANG_CXX_LIBRARY = "libc++";
				CLANG_ENABLE_MODULES = YES;
				CLANG_ENABLE_OBJC_ARC = YES;
				CLANG_WARN_BLOCK_CAPTURE_AUTORELEASING = YES;
				CLANG_WARN_BOOL_CONVERSION = YES;
				CLANG_WARN_COMMA = YES;
				CLANG_WARN_CONSTANT_CONVERSION = YES;
				CLANG_WARN_DIRECT_OBJC_ISA_USAGE = YES_ERROR;
				CLANG_WARN_DOCUMENTATION_COMMENTS = YES;
				CLANG_WARN_EMPTY_BODY = YES;
				CLANG_WARN_ENUM_CONVERSION = YES;
				CLANG_WARN_INFINITE_RECURSION = YES;
				CLANG_WARN_INT_CONVERSION = YES;
				CLANG_WARN_NON_LITERAL_NULL_CONVERSION = YES;
				CLANG_WARN_OBJC_LITERAL_CONVERSION = YES;
				CLANG_WARN_OBJC_ROOT_CLASS = YES_ERROR;
				CLANG_WARN_RANGE_LOOP_ANALYSIS = YES;
				CLANG_WARN_STRICT_PROTOTYPES = YES;
				CLANG_WARN_SUSPICIOUS_MOVE = YES;
				CLANG_WARN_UNGUARDED_AVAILABILITY = YES_AGGRESSIVE;
				CLANG_WARN_UNREACHABLE_CODE = YES;
				CLANG_WARN__DUPLICATE_METHOD_MATCH = YES;
				CODE_SIGN_IDENTITY = "Mac Developer";
				COPY_PHASE_STRIP = NO;
				DEBUG_INFORMATION_FORMAT = dwarf;
				ENABLE_STRICT_OBJC_MSGSEND = YES;
				ENABLE_TESTABILITY = YES;
				GCC_C_LANGUAGE_STANDARD = gnu11;
				GCC_DYNAMIC_NO_PIC = NO;
				GCC_NO_COMMON_BLOCKS = YES;
				GCC_OPTIMIZATION_LEVEL = 0;
				GCC_PREPROCESSOR_DEFINITIONS = (
					"DEBUG=1",
					"$(inherited)",
				);
				GCC_WARN_64_TO_32_BIT_CONVERSION = YES;
				GCC_WARN_ABOUT_RETURN_TYPE = YES_ERROR;
				GCC_WARN_UNDECLARED_SELECTOR = YES;
				GCC_WARN_UNINITIALIZED_AUTOS = YES_AGGRESSIVE;
				GCC_WARN_UNUSED_FUNCTION = YES;
				GCC_WARN_UNUSED_VARIABLE = YES;
				MACOSX_DEPLOYMENT_TARGET = 10.12;
				MTL_ENABLE_DEBUG_INFO = YES;
				ONLY_ACTIVE_ARCH = YES;
				SDKROOT = macosx;
			};
			name = Debug;
		};
		8FFF40831FBBE19F00252364 /* Release */ = {
			isa = XCBuildConfiguration;
			buildSettings = {
				ALWAYS_SEARCH_USER_PATHS = NO;
				CLANG_ANALYZER_NONNULL = YES;
				CLANG_ANALYZER_NUMBER_OBJECT_CONVERSION = YES_AGGRESSIVE;
				CLANG_CXX_LANGUAGE_STANDARD = "gnu++14";
				CLANG_CXX_LIBRARY = "libc++";
				CLANG_ENABLE_MODULES = YES;
				CLANG_ENABLE_OBJC_ARC = YES;
				CLANG_WARN_BLOCK_CAPTURE_AUTORELEASING = YES;
				CLANG_WARN_BOOL_CONVERSION = YES;
				CLANG_WARN_COMMA = YES;
				CLANG_WARN_CONSTANT_CONVERSION = YES;
				CLANG_WARN_DIRECT_OBJC_ISA_USAGE = YES_ERROR;
				CLANG_WARN_DOCUMENTATION_COMMENTS = YES;
				CLANG_WARN_EMPTY_BODY = YES;
				CLANG_WARN_ENUM_CONVERSION = YES;
				CLANG_WARN_INFINITE_RECURSION = YES;
				CLANG_WARN_INT_CONVERSION = YES;
				CLANG_WARN_NON_LITERAL_NULL_CONVERSION = YES;
				CLANG_WARN_OBJC_LITERAL_CONVERSION = YES;
				CLANG_WARN_OBJC_ROOT_CLASS = YES_ERROR;
				CLANG_WARN_RANGE_LOOP_ANALYSIS = YES;
				CLANG_WARN_STRICT_PROTOTYPES = YES;
				CLANG_WARN_SUSPICIOUS_MOVE = YES;
				CLANG_WARN_UNGUARDED_AVAILABILITY = YES_AGGRESSIVE;
				CLANG_WARN_UNREACHABLE_CODE = YES;
				CLANG_WARN__DUPLICATE_METHOD_MATCH = YES;
				CODE_SIGN_IDENTITY = "Mac Developer";
				COPY_PHASE_STRIP = NO;
				DEBUG_INFORMATION_FORMAT = "dwarf-with-dsym";
				ENABLE_NS_ASSERTIONS = NO;
				ENABLE_STRICT_OBJC_MSGSEND = YES;
				GCC_C_LANGUAGE_STANDARD = gnu11;
				GCC_NO_COMMON_BLOCKS = YES;
				GCC_WARN_64_TO_32_BIT_CONVERSION = YES;
				GCC_WARN_ABOUT_RETURN_TYPE = YES_ERROR;
				GCC_WARN_UNDECLARED_SELECTOR = YES;
				GCC_WARN_UNINITIALIZED_AUTOS = YES_AGGRESSIVE;
				GCC_WARN_UNUSED_FUNCTION = YES;
				GCC_WARN_UNUSED_VARIABLE = YES;
				MACOSX_DEPLOYMENT_TARGET = 10.12;
				MTL_ENABLE_DEBUG_INFO = NO;
				SDKROOT = macosx;
			};
			name = Release;
		};
		8FFF40851FBBE19F00252364 /* Debug */ = {
			isa = XCBuildConfiguration;
			baseConfigurationReference = 507E8C673D85B7F5CB20ACAC /* Pods-UserLogTest.debug.xcconfig */;
			buildSettings = {
				ASSETCATALOG_COMPILER_APPICON_NAME = AppIcon;
				CODE_SIGN_STYLE = Automatic;
				COMBINE_HIDPI_IMAGES = YES;
				DEVELOPMENT_TEAM = FE8QNZJ7C9;
				INFOPLIST_FILE = UserLogTest/Info.plist;
				LD_RUNPATH_SEARCH_PATHS = "$(inherited) @executable_path/../Frameworks";
				PRODUCT_BUNDLE_IDENTIFIER = com.dotcunited.UserLogTest;
				PRODUCT_NAME = "$(TARGET_NAME)";
			};
			name = Debug;
		};
		8FFF40861FBBE19F00252364 /* Release */ = {
			isa = XCBuildConfiguration;
			baseConfigurationReference = 0E979C9DCF47F259F95B3AAC /* Pods-UserLogTest.release.xcconfig */;
			buildSettings = {
				ASSETCATALOG_COMPILER_APPICON_NAME = AppIcon;
				CODE_SIGN_STYLE = Automatic;
				COMBINE_HIDPI_IMAGES = YES;
				DEVELOPMENT_TEAM = FE8QNZJ7C9;
				INFOPLIST_FILE = UserLogTest/Info.plist;
				LD_RUNPATH_SEARCH_PATHS = "$(inherited) @executable_path/../Frameworks";
				PRODUCT_BUNDLE_IDENTIFIER = com.dotcunited.UserLogTest;
				PRODUCT_NAME = "$(TARGET_NAME)";
			};
			name = Release;
		};
/* End XCBuildConfiguration section */

/* Begin XCConfigurationList section */
		8FFF406B1FBBE19F00252364 /* Build configuration list for PBXProject "UserLogTest" */ = {
			isa = XCConfigurationList;
			buildConfigurations = (
				8FFF40821FBBE19F00252364 /* Debug */,
				8FFF40831FBBE19F00252364 /* Release */,
			);
			defaultConfigurationIsVisible = 0;
			defaultConfigurationName = Release;
		};
		8FFF40841FBBE19F00252364 /* Build configuration list for PBXNativeTarget "UserLogTest" */ = {
			isa = XCConfigurationList;
			buildConfigurations = (
				8FFF40851FBBE19F00252364 /* Debug */,
				8FFF40861FBBE19F00252364 /* Release */,
			);
			defaultConfigurationIsVisible = 0;
			defaultConfigurationName = Release;
		};
/* End XCConfigurationList section */
	};
	rootObject = 8FFF40681FBBE19F00252364 /* Project object */;
}
