// !$*UTF8*$!
{
	archiveVersion = 1;
	classes = {
	};
	objectVersion = 48;
	objects = {

/* Begin PBXBuildFile section */
		8F801EEE1FB18DF20073748A /* AppDelegate.m in Sources */ = {isa = PBXBuildFile; fileRef = 8F801EED1FB18DF20073748A /* AppDelegate.m */; };
		8F801EF01FB18DF20073748A /* Assets.xcassets in Resources */ = {isa = PBXBuildFile; fileRef = 8F801EEF1FB18DF20073748A /* Assets.xcassets */; };
		8F801EF31FB18DF20073748A /* MainMenu.xib in Resources */ = {isa = PBXBuildFile; fileRef = 8F801EF11FB18DF20073748A /* MainMenu.xib */; };
		8F801EF61FB18DF20073748A /* main.m in Sources */ = {isa = PBXBuildFile; fileRef = 8F801EF51FB18DF20073748A /* main.m */; };
		8F801F001FB18E190073748A /* MainWindowController.m in Sources */ = {isa = PBXBuildFile; fileRef = 8F801EFE1FB18E190073748A /* MainWindowController.m */; };
		8F801F011FB18E190073748A /* MainWindowController.xib in Resources */ = {isa = PBXBuildFile; fileRef = 8F801EFF1FB18E190073748A /* MainWindowController.xib */; };
		8F801F041FB18EB40073748A /* BaseWindow.m in Sources */ = {isa = PBXBuildFile; fileRef = 8F801F031FB18EB40073748A /* BaseWindow.m */; };
		8F801F081FB190CA0073748A /* NewsWindowController.m in Sources */ = {isa = PBXBuildFile; fileRef = 8F801F061FB190CA0073748A /* NewsWindowController.m */; };
		8F801F091FB190CA0073748A /* NewsWindowController.xib in Resources */ = {isa = PBXBuildFile; fileRef = 8F801F071FB190CA0073748A /* NewsWindowController.xib */; };
/* End PBXBuildFile section */

/* Begin PBXFileReference section */
		8F801EE91FB18DF20073748A /* WindowSkipTest.app */ = {isa = PBXFileReference; explicitFileType = wrapper.application; includeInIndex = 0; path = WindowSkipTest.app; sourceTree = BUILT_PRODUCTS_DIR; };
		8F801EEC1FB18DF20073748A /* AppDelegate.h */ = {isa = PBXFileReference; lastKnownFileType = sourcecode.c.h; path = AppDelegate.h; sourceTree = "<group>"; };
		8F801EED1FB18DF20073748A /* AppDelegate.m */ = {isa = PBXFileReference; lastKnownFileType = sourcecode.c.objc; path = AppDelegate.m; sourceTree = "<group>"; };
		8F801EEF1FB18DF20073748A /* Assets.xcassets */ = {isa = PBXFileReference; lastKnownFileType = folder.assetcatalog; path = Assets.xcassets; sourceTree = "<group>"; };
		8F801EF21FB18DF20073748A /* Base */ = {isa = PBXFileReference; lastKnownFileType = file.xib; name = Base; path = Base.lproj/MainMenu.xib; sourceTree = "<group>"; };
		8F801EF41FB18DF20073748A /* Info.plist */ = {isa = PBXFileReference; lastKnownFileType = text.plist.xml; path = Info.plist; sourceTree = "<group>"; };
		8F801EF51FB18DF20073748A /* main.m */ = {isa = PBXFileReference; lastKnownFileType = sourcecode.c.objc; path = main.m; sourceTree = "<group>"; };
		8F801EF71FB18DF20073748A /* WindowSkipTest.entitlements */ = {isa = PBXFileReference; lastKnownFileType = text.plist.entitlements; path = WindowSkipTest.entitlements; sourceTree = "<group>"; };
		8F801EFD1FB18E190073748A /* MainWindowController.h */ = {isa = PBXFileReference; lastKnownFileType = sourcecode.c.h; path = MainWindowController.h; sourceTree = "<group>"; };
		8F801EFE1FB18E190073748A /* MainWindowController.m */ = {isa = PBXFileReference; lastKnownFileType = sourcecode.c.objc; path = MainWindowController.m; sourceTree = "<group>"; };
		8F801EFF1FB18E190073748A /* MainWindowController.xib */ = {isa = PBXFileReference; lastKnownFileType = file.xib; path = MainWindowController.xib; sourceTree = "<group>"; };
		8F801F021FB18EB40073748A /* BaseWindow.h */ = {isa = PBXFileReference; lastKnownFileType = sourcecode.c.h; path = BaseWindow.h; sourceTree = "<group>"; };
		8F801F031FB18EB40073748A /* BaseWindow.m */ = {isa = PBXFileReference; lastKnownFileType = sourcecode.c.objc; path = BaseWindow.m; sourceTree = "<group>"; };
		8F801F051FB190CA0073748A /* NewsWindowController.h */ = {isa = PBXFileReference; lastKnownFileType = sourcecode.c.h; path = NewsWindowController.h; sourceTree = "<group>"; };
		8F801F061FB190CA0073748A /* NewsWindowController.m */ = {isa = PBXFileReference; lastKnownFileType = sourcecode.c.objc; path = NewsWindowController.m; sourceTree = "<group>"; };
		8F801F071FB190CA0073748A /* NewsWindowController.xib */ = {isa = PBXFileReference; lastKnownFileType = file.xib; path = NewsWindowController.xib; sourceTree = "<group>"; };
/* End PBXFileReference section */

/* Begin PBXFrameworksBuildPhase section */
		8F801EE61FB18DF20073748A /* Frameworks */ = {
			isa = PBXFrameworksBuildPhase;
			buildActionMask = 2147483647;
			files = (
			);
			runOnlyForDeploymentPostprocessing = 0;
		};
/* End PBXFrameworksBuildPhase section */

/* Begin PBXGroup section */
		8F801EE01FB18DF20073748A = {
			isa = PBXGroup;
			children = (
				8F801EEB1FB18DF20073748A /* WindowSkipTest */,
				8F801EEA1FB18DF20073748A /* Products */,
			);
			sourceTree = "<group>";
		};
		8F801EEA1FB18DF20073748A /* Products */ = {
			isa = PBXGroup;
			children = (
				8F801EE91FB18DF20073748A /* WindowSkipTest.app */,
			);
			name = Products;
			sourceTree = "<group>";
		};
		8F801EEB1FB18DF20073748A /* WindowSkipTest */ = {
			isa = PBXGroup;
			children = (
				8F801EEC1FB18DF20073748A /* AppDelegate.h */,
				8F801EED1FB18DF20073748A /* AppDelegate.m */,
				8F801EFD1FB18E190073748A /* MainWindowController.h */,
				8F801EFE1FB18E190073748A /* MainWindowController.m */,
				8F801EFF1FB18E190073748A /* MainWindowController.xib */,
				8F801F051FB190CA0073748A /* NewsWindowController.h */,
				8F801F061FB190CA0073748A /* NewsWindowController.m */,
				8F801F071FB190CA0073748A /* NewsWindowController.xib */,
				8F801F021FB18EB40073748A /* BaseWindow.h */,
				8F801F031FB18EB40073748A /* BaseWindow.m */,
				8F801EEF1FB18DF20073748A /* Assets.xcassets */,
				8F801EF11FB18DF20073748A /* MainMenu.xib */,
				8F801EF41FB18DF20073748A /* Info.plist */,
				8F801EF51FB18DF20073748A /* main.m */,
				8F801EF71FB18DF20073748A /* WindowSkipTest.entitlements */,
			);
			path = WindowSkipTest;
			sourceTree = "<group>";
		};
/* End PBXGroup section */

/* Begin PBXNativeTarget section */
		8F801EE81FB18DF20073748A /* WindowSkipTest */ = {
			isa = PBXNativeTarget;
			buildConfigurationList = 8F801EFA1FB18DF20073748A /* Build configuration list for PBXNativeTarget "WindowSkipTest" */;
			buildPhases = (
				8F801EE51FB18DF20073748A /* Sources */,
				8F801EE61FB18DF20073748A /* Frameworks */,
				8F801EE71FB18DF20073748A /* Resources */,
			);
			buildRules = (
			);
			dependencies = (
			);
			name = WindowSkipTest;
			productName = WindowSkipTest;
			productReference = 8F801EE91FB18DF20073748A /* WindowSkipTest.app */;
			productType = "com.apple.product-type.application";
		};
/* End PBXNativeTarget section */

/* Begin PBXProject section */
		8F801EE11FB18DF20073748A /* Project object */ = {
			isa = PBXProject;
			attributes = {
				LastUpgradeCheck = 0900;
				ORGANIZATIONNAME = "Avazu Holding";
				TargetAttributes = {
					8F801EE81FB18DF20073748A = {
						CreatedOnToolsVersion = 9.0;
						ProvisioningStyle = Automatic;
					};
				};
			};
			buildConfigurationList = 8F801EE41FB18DF20073748A /* Build configuration list for PBXProject "WindowSkipTest" */;
			compatibilityVersion = "Xcode 8.0";
			developmentRegion = en;
			hasScannedForEncodings = 0;
			knownRegions = (
				en,
				Base,
			);
			mainGroup = 8F801EE01FB18DF20073748A;
			productRefGroup = 8F801EEA1FB18DF20073748A /* Products */;
			projectDirPath = "";
			projectRoot = "";
			targets = (
				8F801EE81FB18DF20073748A /* WindowSkipTest */,
			);
		};
/* End PBXProject section */

/* Begin PBXResourcesBuildPhase section */
		8F801EE71FB18DF20073748A /* Resources */ = {
			isa = PBXResourcesBuildPhase;
			buildActionMask = 2147483647;
			files = (
				8F801EF01FB18DF20073748A /* Assets.xcassets in Resources */,
				8F801F011FB18E190073748A /* MainWindowController.xib in Resources */,
				8F801F091FB190CA0073748A /* NewsWindowController.xib in Resources */,
				8F801EF31FB18DF20073748A /* MainMenu.xib in Resources */,
			);
			runOnlyForDeploymentPostprocessing = 0;
		};
/* End PBXResourcesBuildPhase section */

/* Begin PBXSourcesBuildPhase section */
		8F801EE51FB18DF20073748A /* Sources */ = {
			isa = PBXSourcesBuildPhase;
			buildActionMask = 2147483647;
			files = (
				8F801F081FB190CA0073748A /* NewsWindowController.m in Sources */,
				8F801F001FB18E190073748A /* MainWindowController.m in Sources */,
				8F801EF61FB18DF20073748A /* main.m in Sources */,
				8F801F041FB18EB40073748A /* BaseWindow.m in Sources */,
				8F801EEE1FB18DF20073748A /* AppDelegate.m in Sources */,
			);
			runOnlyForDeploymentPostprocessing = 0;
		};
/* End PBXSourcesBuildPhase section */

/* Begin PBXVariantGroup section */
		8F801EF11FB18DF20073748A /* MainMenu.xib */ = {
			isa = PBXVariantGroup;
			children = (
				8F801EF21FB18DF20073748A /* Base */,
			);
			name = MainMenu.xib;
			sourceTree = "<group>";
		};
/* End PBXVariantGroup section */

/* Begin XCBuildConfiguration section */
		8F801EF81FB18DF20073748A /* Debug */ = {
			isa = XCBuildConfiguration;
			buildSettings = {
				ALWAYS_SEARCH_USER_PATHS = NO;
				CLANG_ANALYZER_NONNULL = YES;
				CLANG_ANALYZER_NUMBER_OBJECT_CONVERSION = YES_AGGRESSIVE;
				CLANG_CXX_LANGUAGE_STANDARD = "gnu++14";
				CLANG_CXX_LIBRARY = "libc++";
				CLANG_ENABLE_MODULES = YES;
				CLANG_ENABLE_OBJC_ARC = YES;
				CLANG_WARN_BLOCK_CAPTURE_AUTORELEASING = YES;
				CLANG_WARN_BOOL_CONVERSION = YES;
				CLANG_WARN_COMMA = YES;
				CLANG_WARN_CONSTANT_CONVERSION = YES;
				CLANG_WARN_DIRECT_OBJC_ISA_USAGE = YES_ERROR;
				CLANG_WARN_DOCUMENTATION_COMMENTS = YES;
				CLANG_WARN_EMPTY_BODY = YES;
				CLANG_WARN_ENUM_CONVERSION = YES;
				CLANG_WARN_INFINITE_RECURSION = YES;
				CLANG_WARN_INT_CONVERSION = YES;
				CLANG_WARN_NON_LITERAL_NULL_CONVERSION = YES;
				CLANG_WARN_OBJC_LITERAL_CONVERSION = YES;
				CLANG_WARN_OBJC_ROOT_CLASS = YES_ERROR;
				CLANG_WARN_RANGE_LOOP_ANALYSIS = YES;
				CLANG_WARN_STRICT_PROTOTYPES = YES;
				CLANG_WARN_SUSPICIOUS_MOVE = YES;
				CLANG_WARN_UNGUARDED_AVAILABILITY = YES_AGGRESSIVE;
				CLANG_WARN_UNREACHABLE_CODE = YES;
				CLANG_WARN__DUPLICATE_METHOD_MATCH = YES;
				CODE_SIGN_IDENTITY = "Mac Developer";
				COPY_PHASE_STRIP = NO;
				DEBUG_INFORMATION_FORMAT = dwarf;
				ENABLE_STRICT_OBJC_MSGSEND = YES;
				ENABLE_TESTABILITY = YES;
				GCC_C_LANGUAGE_STANDARD = gnu11;
				GCC_DYNAMIC_NO_PIC = NO;
				GCC_NO_COMMON_BLOCKS = YES;
				GCC_OPTIMIZATION_LEVEL = 0;
				GCC_PREPROCESSOR_DEFINITIONS = (
					"DEBUG=1",
					"$(inherited)",
				);
				GCC_WARN_64_TO_32_BIT_CONVERSION = YES;
				GCC_WARN_ABOUT_RETURN_TYPE = YES_ERROR;
				GCC_WARN_UNDECLARED_SELECTOR = YES;
				GCC_WARN_UNINITIALIZED_AUTOS = YES_AGGRESSIVE;
				GCC_WARN_UNUSED_FUNCTION = YES;
				GCC_WARN_UNUSED_VARIABLE = YES;
				MACOSX_DEPLOYMENT_TARGET = 10.12;
				MTL_ENABLE_DEBUG_INFO = YES;
				ONLY_ACTIVE_ARCH = YES;
				SDKROOT = macosx;
			};
			name = Debug;
		};
		8F801EF91FB18DF20073748A /* Release */ = {
			isa = XCBuildConfiguration;
			buildSettings = {
				ALWAYS_SEARCH_USER_PATHS = NO;
				CLANG_ANALYZER_NONNULL = YES;
				CLANG_ANALYZER_NUMBER_OBJECT_CONVERSION = YES_AGGRESSIVE;
				CLANG_CXX_LANGUAGE_STANDARD = "gnu++14";
				CLANG_CXX_LIBRARY = "libc++";
				CLANG_ENABLE_MODULES = YES;
				CLANG_ENABLE_OBJC_ARC = YES;
				CLANG_WARN_BLOCK_CAPTURE_AUTORELEASING = YES;
				CLANG_WARN_BOOL_CONVERSION = YES;
				CLANG_WARN_COMMA = YES;
				CLANG_WARN_CONSTANT_CONVERSION = YES;
				CLANG_WARN_DIRECT_OBJC_ISA_USAGE = YES_ERROR;
				CLANG_WARN_DOCUMENTATION_COMMENTS = YES;
				CLANG_WARN_EMPTY_BODY = YES;
				CLANG_WARN_ENUM_CONVERSION = YES;
				CLANG_WARN_INFINITE_RECURSION = YES;
				CLANG_WARN_INT_CONVERSION = YES;
				CLANG_WARN_NON_LITERAL_NULL_CONVERSION = YES;
				CLANG_WARN_OBJC_LITERAL_CONVERSION = YES;
				CLANG_WARN_OBJC_ROOT_CLASS = YES_ERROR;
				CLANG_WARN_RANGE_LOOP_ANALYSIS = YES;
				CLANG_WARN_STRICT_PROTOTYPES = YES;
				CLANG_WARN_SUSPICIOUS_MOVE = YES;
				CLANG_WARN_UNGUARDED_AVAILABILITY = YES_AGGRESSIVE;
				CLANG_WARN_UNREACHABLE_CODE = YES;
				CLANG_WARN__DUPLICATE_METHOD_MATCH = YES;
				CODE_SIGN_IDENTITY = "Mac Developer";
				COPY_PHASE_STRIP = NO;
				DEBUG_INFORMATION_FORMAT = "dwarf-with-dsym";
				ENABLE_NS_ASSERTIONS = NO;
				ENABLE_STRICT_OBJC_MSGSEND = YES;
				GCC_C_LANGUAGE_STANDARD = gnu11;
				GCC_NO_COMMON_BLOCKS = YES;
				GCC_WARN_64_TO_32_BIT_CONVERSION = YES;
				GCC_WARN_ABOUT_RETURN_TYPE = YES_ERROR;
				GCC_WARN_UNDECLARED_SELECTOR = YES;
				GCC_WARN_UNINITIALIZED_AUTOS = YES_AGGRESSIVE;
				GCC_WARN_UNUSED_FUNCTION = YES;
				GCC_WARN_UNUSED_VARIABLE = YES;
				MACOSX_DEPLOYMENT_TARGET = 10.12;
				MTL_ENABLE_DEBUG_INFO = NO;
				SDKROOT = macosx;
			};
			name = Release;
		};
		8F801EFB1FB18DF20073748A /* Debug */ = {
			isa = XCBuildConfiguration;
			buildSettings = {
				ASSETCATALOG_COMPILER_APPICON_NAME = AppIcon;
				CODE_SIGN_ENTITLEMENTS = WindowSkipTest/WindowSkipTest.entitlements;
				CODE_SIGN_STYLE = Automatic;
				COMBINE_HIDPI_IMAGES = YES;
				DEVELOPMENT_TEAM = FE8QNZJ7C9;
				INFOPLIST_FILE = WindowSkipTest/Info.plist;
				LD_RUNPATH_SEARCH_PATHS = "$(inherited) @executable_path/../Frameworks";
				PRODUCT_BUNDLE_IDENTIFIER = com.dotcunited.WindowSkipTest;
				PRODUCT_NAME = "$(TARGET_NAME)";
			};
			name = Debug;
		};
		8F801EFC1FB18DF20073748A /* Release */ = {
			isa = XCBuildConfiguration;
			buildSettings = {
				ASSETCATALOG_COMPILER_APPICON_NAME = AppIcon;
				CODE_SIGN_ENTITLEMENTS = WindowSkipTest/WindowSkipTest.entitlements;
				CODE_SIGN_STYLE = Automatic;
				COMBINE_HIDPI_IMAGES = YES;
				DEVELOPMENT_TEAM = FE8QNZJ7C9;
				INFOPLIST_FILE = WindowSkipTest/Info.plist;
				LD_RUNPATH_SEARCH_PATHS = "$(inherited) @executable_path/../Frameworks";
				PRODUCT_BUNDLE_IDENTIFIER = com.dotcunited.WindowSkipTest;
				PRODUCT_NAME = "$(TARGET_NAME)";
			};
			name = Release;
		};
/* End XCBuildConfiguration section */

/* Begin XCConfigurationList section */
		8F801EE41FB18DF20073748A /* Build configuration list for PBXProject "WindowSkipTest" */ = {
			isa = XCConfigurationList;
			buildConfigurations = (
				8F801EF81FB18DF20073748A /* Debug */,
				8F801EF91FB18DF20073748A /* Release */,
			);
			defaultConfigurationIsVisible = 0;
			defaultConfigurationName = Release;
		};
		8F801EFA1FB18DF20073748A /* Build configuration list for PBXNativeTarget "WindowSkipTest" */ = {
			isa = XCConfigurationList;
			buildConfigurations = (
				8F801EFB1FB18DF20073748A /* Debug */,
				8F801EFC1FB18DF20073748A /* Release */,
			);
			defaultConfigurationIsVisible = 0;
			defaultConfigurationName = Release;
		};
/* End XCConfigurationList section */
	};
	rootObject = 8F801EE11FB18DF20073748A /* Project object */;
}
